// !$*UTF8*$!
{
	archiveVersion = 1;
	classes = {
	};
	objectVersion = 46;
	objects = {

/* Begin PBXBuildFile section */
		031A9F791DC99472000AB6B9 /* AppDelegate.swift in Sources */ = {isa = PBXBuildFile; fileRef = 031A9F781DC99472000AB6B9 /* AppDelegate.swift */; };
		031A9F7B1DC99472000AB6B9 /* ViewController.swift in Sources */ = {isa = PBXBuildFile; fileRef = 031A9F7A1DC99472000AB6B9 /* ViewController.swift */; };
		031A9F7E1DC99472000AB6B9 /* Main.storyboard in Resources */ = {isa = PBXBuildFile; fileRef = 031A9F7C1DC99472000AB6B9 /* Main.storyboard */; };
		031A9F801DC99472000AB6B9 /* Assets.xcassets in Resources */ = {isa = PBXBuildFile; fileRef = 031A9F7F1DC99472000AB6B9 /* Assets.xcassets */; };
		031A9F831DC99472000AB6B9 /* LaunchScreen.storyboard in Resources */ = {isa = PBXBuildFile; fileRef = 031A9F811DC99472000AB6B9 /* LaunchScreen.storyboard */; };
		031A9F8E1DC99472000AB6B9 /* StopWatchAppTests.swift in Sources */ = {isa = PBXBuildFile; fileRef = 031A9F8D1DC99472000AB6B9 /* StopWatchAppTests.swift */; };
		031A9F991DC99472000AB6B9 /* StopWatchAppUITests.swift in Sources */ = {isa = PBXBuildFile; fileRef = 031A9F981DC99472000AB6B9 /* StopWatchAppUITests.swift */; };
		03ED876A1DF9049D00ED8B3F /* MenuLauncher.swift in Sources */ = {isa = PBXBuildFile; fileRef = 03ED87691DF9049D00ED8B3F /* MenuLauncher.swift */; };
		03ED876C1DF904AA00ED8B3F /* MenuCell.swift in Sources */ = {isa = PBXBuildFile; fileRef = 03ED876B1DF904AA00ED8B3F /* MenuCell.swift */; };
/* End PBXBuildFile section */

/* Begin PBXContainerItemProxy section */
		031A9F8A1DC99472000AB6B9 /* PBXContainerItemProxy */ = {
			isa = PBXContainerItemProxy;
			containerPortal = 031A9F6D1DC99472000AB6B9 /* Project object */;
			proxyType = 1;
			remoteGlobalIDString = 031A9F741DC99472000AB6B9;
			remoteInfo = StopWatchApp;
		};
		031A9F951DC99472000AB6B9 /* PBXContainerItemProxy */ = {
			isa = PBXContainerItemProxy;
			containerPortal = 031A9F6D1DC99472000AB6B9 /* Project object */;
			proxyType = 1;
			remoteGlobalIDString = 031A9F741DC99472000AB6B9;
			remoteInfo = StopWatchApp;
		};
/* End PBXContainerItemProxy section */

/* Begin PBXFileReference section */
		031A9F751DC99472000AB6B9 /* StopWatchApp.app */ = {isa = PBXFileReference; explicitFileType = wrapper.application; includeInIndex = 0; path = StopWatchApp.app; sourceTree = BUILT_PRODUCTS_DIR; };
		031A9F781DC99472000AB6B9 /* AppDelegate.swift */ = {isa = PBXFileReference; lastKnownFileType = sourcecode.swift; path = AppDelegate.swift; sourceTree = "<group>"; };
		031A9F7A1DC99472000AB6B9 /* ViewController.swift */ = {isa = PBXFileReference; lastKnownFileType = sourcecode.swift; path = ViewController.swift; sourceTree = "<group>"; };
		031A9F7D1DC99472000AB6B9 /* Base */ = {isa = PBXFileReference; lastKnownFileType = file.storyboard; name = Base; path = Base.lproj/Main.storyboard; sourceTree = "<group>"; };
		031A9F7F1DC99472000AB6B9 /* Assets.xcassets */ = {isa = PBXFileReference; lastKnownFileType = folder.assetcatalog; path = Assets.xcassets; sourceTree = "<group>"; };
		031A9F821DC99472000AB6B9 /* Base */ = {isa = PBXFileReference; lastKnownFileType = file.storyboard; name = Base; path = Base.lproj/LaunchScreen.storyboard; sourceTree = "<group>"; };
		031A9F841DC99472000AB6B9 /* Info.plist */ = {isa = PBXFileReference; lastKnownFileType = text.plist.xml; path = Info.plist; sourceTree = "<group>"; };
		031A9F891DC99472000AB6B9 /* StopWatchAppTests.xctest */ = {isa = PBXFileReference; explicitFileType = wrapper.cfbundle; includeInIndex = 0; path = StopWatchAppTests.xctest; sourceTree = BUILT_PRODUCTS_DIR; };
		031A9F8D1DC99472000AB6B9 /* StopWatchAppTests.swift */ = {isa = PBXFileReference; lastKnownFileType = sourcecode.swift; path = StopWatchAppTests.swift; sourceTree = "<group>"; };
		031A9F8F1DC99472000AB6B9 /* Info.plist */ = {isa = PBXFileReference; lastKnownFileType = text.plist.xml; path = Info.plist; sourceTree = "<group>"; };
		031A9F941DC99472000AB6B9 /* StopWatchAppUITests.xctest */ = {isa = PBXFileReference; explicitFileType = wrapper.cfbundle; includeInIndex = 0; path = StopWatchAppUITests.xctest; sourceTree = BUILT_PRODUCTS_DIR; };
		031A9F981DC99472000AB6B9 /* StopWatchAppUITests.swift */ = {isa = PBXFileReference; lastKnownFileType = sourcecode.swift; path = StopWatchAppUITests.swift; sourceTree = "<group>"; };
		031A9F9A1DC99472000AB6B9 /* Info.plist */ = {isa = PBXFileReference; lastKnownFileType = text.plist.xml; path = Info.plist; sourceTree = "<group>"; };
		03ED87691DF9049D00ED8B3F /* MenuLauncher.swift */ = {isa = PBXFileReference; fileEncoding = 4; lastKnownFileType = sourcecode.swift; path = MenuLauncher.swift; sourceTree = "<group>"; };
		03ED876B1DF904AA00ED8B3F /* MenuCell.swift */ = {isa = PBXFileReference; fileEncoding = 4; lastKnownFileType = sourcecode.swift; path = MenuCell.swift; sourceTree = "<group>"; };
/* End PBXFileReference section */

/* Begin PBXFrameworksBuildPhase section */
		031A9F721DC99472000AB6B9 /* Frameworks */ = {
			isa = PBXFrameworksBuildPhase;
			buildActionMask = 2147483647;
			files = (
			);
			runOnlyForDeploymentPostprocessing = 0;
		};
		031A9F861DC99472000AB6B9 /* Frameworks */ = {
			isa = PBXFrameworksBuildPhase;
			buildActionMask = 2147483647;
			files = (
			);
			runOnlyForDeploymentPostprocessing = 0;
		};
		031A9F911DC99472000AB6B9 /* Frameworks */ = {
			isa = PBXFrameworksBuildPhase;
			buildActionMask = 2147483647;
			files = (
			);
			runOnlyForDeploymentPostprocessing = 0;
		};
/* End PBXFrameworksBuildPhase section */

/* Begin PBXGroup section */
		031A9F6C1DC99472000AB6B9 = {
			isa = PBXGroup;
			children = (
				031A9F771DC99472000AB6B9 /* StopWatchApp */,
				031A9F8C1DC99472000AB6B9 /* StopWatchAppTests */,
				031A9F971DC99472000AB6B9 /* StopWatchAppUITests */,
				031A9F761DC99472000AB6B9 /* Products */,
			);
			sourceTree = "<group>";
		};
		031A9F761DC99472000AB6B9 /* Products */ = {
			isa = PBXGroup;
			children = (
				031A9F751DC99472000AB6B9 /* StopWatchApp.app */,
				031A9F891DC99472000AB6B9 /* StopWatchAppTests.xctest */,
				031A9F941DC99472000AB6B9 /* StopWatchAppUITests.xctest */,
			);
			name = Products;
			sourceTree = "<group>";
		};
		031A9F771DC99472000AB6B9 /* StopWatchApp */ = {
			isa = PBXGroup;
			children = (
				031A9F781DC99472000AB6B9 /* AppDelegate.swift */,
				031A9F7A1DC99472000AB6B9 /* ViewController.swift */,
				03ED876B1DF904AA00ED8B3F /* MenuCell.swift */,
				03ED87691DF9049D00ED8B3F /* MenuLauncher.swift */,
				031A9F7C1DC99472000AB6B9 /* Main.storyboard */,
				031A9F7F1DC99472000AB6B9 /* Assets.xcassets */,
				031A9F811DC99472000AB6B9 /* LaunchScreen.storyboard */,
				031A9F841DC99472000AB6B9 /* Info.plist */,
			);
			path = StopWatchApp;
			sourceTree = "<group>";
		};
		031A9F8C1DC99472000AB6B9 /* StopWatchAppTests */ = {
			isa = PBXGroup;
			children = (
				031A9F8D1DC99472000AB6B9 /* StopWatchAppTests.swift */,
				031A9F8F1DC99472000AB6B9 /* Info.plist */,
			);
			path = StopWatchAppTests;
			sourceTree = "<group>";
		};
		031A9F971DC99472000AB6B9 /* StopWatchAppUITests */ = {
			isa = PBXGroup;
			children = (
				031A9F981DC99472000AB6B9 /* StopWatchAppUITests.swift */,
				031A9F9A1DC99472000AB6B9 /* Info.plist */,
			);
			path = StopWatchAppUITests;
			sourceTree = "<group>";
		};
/* End PBXGroup section */

/* Begin PBXNativeTarget section */
		031A9F741DC99472000AB6B9 /* StopWatchApp */ = {
			isa = PBXNativeTarget;
			buildConfigurationList = 031A9F9D1DC99472000AB6B9 /* Build configuration list for PBXNativeTarget "StopWatchApp" */;
			buildPhases = (
				031A9F711DC99472000AB6B9 /* Sources */,
				031A9F721DC99472000AB6B9 /* Frameworks */,
				031A9F731DC99472000AB6B9 /* Resources */,
			);
			buildRules = (
			);
			dependencies = (
			);
			name = StopWatchApp;
			productName = StopWatchApp;
			productReference = 031A9F751DC99472000AB6B9 /* StopWatchApp.app */;
			productType = "com.apple.product-type.application";
		};
		031A9F881DC99472000AB6B9 /* StopWatchAppTests */ = {
			isa = PBXNativeTarget;
			buildConfigurationList = 031A9FA01DC99472000AB6B9 /* Build configuration list for PBXNativeTarget "StopWatchAppTests" */;
			buildPhases = (
				031A9F851DC99472000AB6B9 /* Sources */,
				031A9F861DC99472000AB6B9 /* Frameworks */,
				031A9F871DC99472000AB6B9 /* Resources */,
			);
			buildRules = (
			);
			dependencies = (
				031A9F8B1DC99472000AB6B9 /* PBXTargetDependency */,
			);
			name = StopWatchAppTests;
			productName = StopWatchAppTests;
			productReference = 031A9F891DC99472000AB6B9 /* StopWatchAppTests.xctest */;
			productType = "com.apple.product-type.bundle.unit-test";
		};
		031A9F931DC99472000AB6B9 /* StopWatchAppUITests */ = {
			isa = PBXNativeTarget;
			buildConfigurationList = 031A9FA31DC99472000AB6B9 /* Build configuration list for PBXNativeTarget "StopWatchAppUITests" */;
			buildPhases = (
				031A9F901DC99472000AB6B9 /* Sources */,
				031A9F911DC99472000AB6B9 /* Frameworks */,
				031A9F921DC99472000AB6B9 /* Resources */,
			);
			buildRules = (
			);
			dependencies = (
				031A9F961DC99472000AB6B9 /* PBXTargetDependency */,
			);
			name = StopWatchAppUITests;
			productName = StopWatchAppUITests;
			productReference = 031A9F941DC99472000AB6B9 /* StopWatchAppUITests.xctest */;
			productType = "com.apple.product-type.bundle.ui-testing";
		};
/* End PBXNativeTarget section */

/* Begin PBXProject section */
		031A9F6D1DC99472000AB6B9 /* Project object */ = {
			isa = PBXProject;
			attributes = {
				LastSwiftUpdateCheck = 0810;
				LastUpgradeCheck = 0810;
				ORGANIZATIONNAME = VetekConsulting;
				TargetAttributes = {
					031A9F741DC99472000AB6B9 = {
						CreatedOnToolsVersion = 8.1;
						DevelopmentTeam = BZY65TYX78;
						ProvisioningStyle = Automatic;
					};
					031A9F881DC99472000AB6B9 = {
						CreatedOnToolsVersion = 8.1;
						DevelopmentTeam = BZY65TYX78;
						ProvisioningStyle = Automatic;
						TestTargetID = 031A9F741DC99472000AB6B9;
					};
					031A9F931DC99472000AB6B9 = {
						CreatedOnToolsVersion = 8.1;
						DevelopmentTeam = BZY65TYX78;
						ProvisioningStyle = Automatic;
						TestTargetID = 031A9F741DC99472000AB6B9;
					};
				};
			};
			buildConfigurationList = 031A9F701DC99472000AB6B9 /* Build configuration list for PBXProject "StopWatchApp" */;
			compatibilityVersion = "Xcode 3.2";
			developmentRegion = English;
			hasScannedForEncodings = 0;
			knownRegions = (
				en,
				Base,
			);
			mainGroup = 031A9F6C1DC99472000AB6B9;
			productRefGroup = 031A9F761DC99472000AB6B9 /* Products */;
			projectDirPath = "";
			projectRoot = "";
			targets = (
				031A9F741DC99472000AB6B9 /* StopWatchApp */,
				031A9F881DC99472000AB6B9 /* StopWatchAppTests */,
				031A9F931DC99472000AB6B9 /* StopWatchAppUITests */,
			);
		};
/* End PBXProject section */

/* Begin PBXResourcesBuildPhase section */
		031A9F731DC99472000AB6B9 /* Resources */ = {
			isa = PBXResourcesBuildPhase;
			buildActionMask = 2147483647;
			files = (
				031A9F831DC99472000AB6B9 /* LaunchScreen.storyboard in Resources */,
				031A9F801DC99472000AB6B9 /* Assets.xcassets in Resources */,
				031A9F7E1DC99472000AB6B9 /* Main.storyboard in Resources */,
			);
			runOnlyForDeploymentPostprocessing = 0;
		};
		031A9F871DC99472000AB6B9 /* Resources */ = {
			isa = PBXResourcesBuildPhase;
			buildActionMask = 2147483647;
			files = (
			);
			runOnlyForDeploymentPostprocessing = 0;
		};
		031A9F921DC99472000AB6B9 /* Resources */ = {
			isa = PBXResourcesBuildPhase;
			buildActionMask = 2147483647;
			files = (
			);
			runOnlyForDeploymentPostprocessing = 0;
		};
/* End PBXResourcesBuildPhase section */

/* Begin PBXSourcesBuildPhase section */
		031A9F711DC99472000AB6B9 /* Sources */ = {
			isa = PBXSourcesBuildPhase;
			buildActionMask = 2147483647;
			files = (
				031A9F7B1DC99472000AB6B9 /* ViewController.swift in Sources */,
				03ED876A1DF9049D00ED8B3F /* MenuLauncher.swift in Sources */,
				03ED876C1DF904AA00ED8B3F /* MenuCell.swift in Sources */,
				031A9F791DC99472000AB6B9 /* AppDelegate.swift in Sources */,
			);
			runOnlyForDeploymentPostprocessing = 0;
		};
		031A9F851DC99472000AB6B9 /* Sources */ = {
			isa = PBXSourcesBuildPhase;
			buildActionMask = 2147483647;
			files = (
				031A9F8E1DC99472000AB6B9 /* StopWatchAppTests.swift in Sources */,
			);
			runOnlyForDeploymentPostprocessing = 0;
		};
		031A9F901DC99472000AB6B9 /* Sources */ = {
			isa = PBXSourcesBuildPhase;
			buildActionMask = 2147483647;
			files = (
				031A9F991DC99472000AB6B9 /* StopWatchAppUITests.swift in Sources */,
			);
			runOnlyForDeploymentPostprocessing = 0;
		};
/* End PBXSourcesBuildPhase section */

/* Begin PBXTargetDependency section */
		031A9F8B1DC99472000AB6B9 /* PBXTargetDependency */ = {
			isa = PBXTargetDependency;
			target = 031A9F741DC99472000AB6B9 /* StopWatchApp */;
			targetProxy = 031A9F8A1DC99472000AB6B9 /* PBXContainerItemProxy */;
		};
		031A9F961DC99472000AB6B9 /* PBXTargetDependency */ = {
			isa = PBXTargetDependency;
			target = 031A9F741DC99472000AB6B9 /* StopWatchApp */;
			targetProxy = 031A9F951DC99472000AB6B9 /* PBXContainerItemProxy */;
		};
/* End PBXTargetDependency section */

/* Begin PBXVariantGroup section */
		031A9F7C1DC99472000AB6B9 /* Main.storyboard */ = {
			isa = PBXVariantGroup;
			children = (
				031A9F7D1DC99472000AB6B9 /* Base */,
			);
			name = Main.storyboard;
			sourceTree = "<group>";
		};
		031A9F811DC99472000AB6B9 /* LaunchScreen.storyboard */ = {
			isa = PBXVariantGroup;
			children = (
				031A9F821DC99472000AB6B9 /* Base */,
			);
			name = LaunchScreen.storyboard;
			sourceTree = "<group>";
		};
/* End PBXVariantGroup section */

/* Begin XCBuildConfiguration section */
		031A9F9B1DC99472000AB6B9 /* Debug */ = {
			isa = XCBuildConfiguration;
			buildSettings = {
				ALWAYS_SEARCH_USER_PATHS = NO;
				CLANG_ANALYZER_NONNULL = YES;
				CLANG_CXX_LANGUAGE_STANDARD = "gnu++0x";
				CLANG_CXX_LIBRARY = "libc++";
				CLANG_ENABLE_MODULES = YES;
				CLANG_ENABLE_OBJC_ARC = YES;
				CLANG_WARN_BOOL_CONVERSION = YES;
				CLANG_WARN_CONSTANT_CONVERSION = YES;
				CLANG_WARN_DIRECT_OBJC_ISA_USAGE = YES_ERROR;
				CLANG_WARN_DOCUMENTATION_COMMENTS = YES;
				CLANG_WARN_EMPTY_BODY = YES;
				CLANG_WARN_ENUM_CONVERSION = YES;
				CLANG_WARN_INFINITE_RECURSION = YES;
				CLANG_WARN_INT_CONVERSION = YES;
				CLANG_WARN_OBJC_ROOT_CLASS = YES_ERROR;
				CLANG_WARN_SUSPICIOUS_MOVES = YES;
				CLANG_WARN_UNREACHABLE_CODE = YES;
				CLANG_WARN__DUPLICATE_METHOD_MATCH = YES;
				"CODE_SIGN_IDENTITY[sdk=iphoneos*]" = "iPhone Developer";
				COPY_PHASE_STRIP = NO;
				DEBUG_INFORMATION_FORMAT = dwarf;
				ENABLE_STRICT_OBJC_MSGSEND = YES;
				ENABLE_TESTABILITY = YES;
				GCC_C_LANGUAGE_STANDARD = gnu99;
				GCC_DYNAMIC_NO_PIC = NO;
				GCC_NO_COMMON_BLOCKS = YES;
				GCC_OPTIMIZATION_LEVEL = 0;
				GCC_PREPROCESSOR_DEFINITIONS = (
					"DEBUG=1",
					"$(inherited)",
				);
				GCC_WARN_64_TO_32_BIT_CONVERSION = YES;
				GCC_WARN_ABOUT_RETURN_TYPE = YES_ERROR;
				GCC_WARN_UNDECLARED_SELECTOR = YES;
				GCC_WARN_UNINITIALIZED_AUTOS = YES_AGGRESSIVE;
				GCC_WARN_UNUSED_FUNCTION = YES;
				GCC_WARN_UNUSED_VARIABLE = YES;
				IPHONEOS_DEPLOYMENT_TARGET = 10.1;
				MTL_ENABLE_DEBUG_INFO = YES;
				ONLY_ACTIVE_ARCH = YES;
				SDKROOT = iphoneos;
				SWIFT_ACTIVE_COMPILATION_CONDITIONS = DEBUG;
				SWIFT_OPTIMIZATION_LEVEL = "-Onone";
			};
			name = Debug;
		};
		031A9F9C1DC99472000AB6B9 /* Release */ = {
			isa = XCBuildConfiguration;
			buildSettings = {
				ALWAYS_SEARCH_USER_PATHS = NO;
				CLANG_ANALYZER_NONNULL = YES;
				CLANG_CXX_LANGUAGE_STANDARD = "gnu++0x";
				CLANG_CXX_LIBRARY = "libc++";
				CLANG_ENABLE_MODULES = YES;
				CLANG_ENABLE_OBJC_ARC = YES;
				CLANG_WARN_BOOL_CONVERSION = YES;
				CLANG_WARN_CONSTANT_CONVERSION = YES;
				CLANG_WARN_DIRECT_OBJC_ISA_USAGE = YES_ERROR;
				CLANG_WARN_DOCUMENTATION_COMMENTS = YES;
				CLANG_WARN_EMPTY_BODY = YES;
				CLANG_WARN_ENUM_CONVERSION = YES;
				CLANG_WARN_INFINITE_RECURSION = YES;
				CLANG_WARN_INT_CONVERSION = YES;
				CLANG_WARN_OBJC_ROOT_CLASS = YES_ERROR;
				CLANG_WARN_SUSPICIOUS_MOVES = YES;
				CLANG_WARN_UNREACHABLE_CODE = YES;
				CLANG_WARN__DUPLICATE_METHOD_MATCH = YES;
				"CODE_SIGN_IDENTITY[sdk=iphoneos*]" = "iPhone Developer";
				COPY_PHASE_STRIP = NO;
				DEBUG_INFORMATION_FORMAT = "dwarf-with-dsym";
				ENABLE_NS_ASSERTIONS = NO;
				ENABLE_STRICT_OBJC_MSGSEND = YES;
				GCC_C_LANGUAGE_STANDARD = gnu99;
				GCC_NO_COMMON_BLOCKS = YES;
				GCC_WARN_64_TO_32_BIT_CONVERSION = YES;
				GCC_WARN_ABOUT_RETURN_TYPE = YES_ERROR;
				GCC_WARN_UNDECLARED_SELECTOR = YES;
				GCC_WARN_UNINITIALIZED_AUTOS = YES_AGGRESSIVE;
				GCC_WARN_UNUSED_FUNCTION = YES;
				GCC_WARN_UNUSED_VARIABLE = YES;
				IPHONEOS_DEPLOYMENT_TARGET = 10.1;
				MTL_ENABLE_DEBUG_INFO = NO;
				SDKROOT = iphoneos;
				SWIFT_OPTIMIZATION_LEVEL = "-Owholemodule";
				VALIDATE_PRODUCT = YES;
			};
			name = Release;
		};
		031A9F9E1DC99472000AB6B9 /* Debug */ = {
			isa = XCBuildConfiguration;
			buildSettings = {
				ASSETCATALOG_COMPILER_APPICON_NAME = AppIcon;
				DEVELOPMENT_TEAM = BZY65TYX78;
				INFOPLIST_FILE = StopWatchApp/Info.plist;
				LD_RUNPATH_SEARCH_PATHS = "$(inherited) @executable_path/Frameworks";
				PRODUCT_BUNDLE_IDENTIFIER = com.vetekconsulting.StopWatchApp;
				PRODUCT_NAME = "$(TARGET_NAME)";
				SWIFT_VERSION = 3.0;
			};
			name = Debug;
		};
		031A9F9F1DC99472000AB6B9 /* Release */ = {
			isa = XCBuildConfiguration;
			buildSettings = {
				ASSETCATALOG_COMPILER_APPICON_NAME = AppIcon;
				DEVELOPMENT_TEAM = BZY65TYX78;
				INFOPLIST_FILE = StopWatchApp/Info.plist;
				LD_RUNPATH_SEARCH_PATHS = "$(inherited) @executable_path/Frameworks";
				PRODUCT_BUNDLE_IDENTIFIER = com.vetekconsulting.StopWatchApp;
				PRODUCT_NAME = "$(TARGET_NAME)";
				SWIFT_VERSION = 3.0;
			};
			name = Release;
		};
		031A9FA11DC99472000AB6B9 /* Debug */ = {
			isa = XCBuildConfiguration;
			buildSettings = {
				ALWAYS_EMBED_SWIFT_STANDARD_LIBRARIES = YES;
				BUNDLE_LOADER = "$(TEST_HOST)";
				DEVELOPMENT_TEAM = BZY65TYX78;
				INFOPLIST_FILE = StopWatchAppTests/Info.plist;
				LD_RUNPATH_SEARCH_PATHS = "$(inherited) @executable_path/Frameworks @loader_path/Frameworks";
				PRODUCT_BUNDLE_IDENTIFIER = com.vetekconsulting.StopWatchAppTests;
				PRODUCT_NAME = "$(TARGET_NAME)";
				SWIFT_VERSION = 3.0;
				TEST_HOST = "$(BUILT_PRODUCTS_DIR)/StopWatchApp.app/StopWatchApp";
			};
			name = Debug;
		};
		031A9FA21DC99472000AB6B9 /* Release */ = {
			isa = XCBuildConfiguration;
			buildSettings = {
				ALWAYS_EMBED_SWIFT_STANDARD_LIBRARIES = YES;
				BUNDLE_LOADER = "$(TEST_HOST)";
				DEVELOPMENT_TEAM = BZY65TYX78;
				INFOPLIST_FILE = StopWatchAppTests/Info.plist;
				LD_RUNPATH_SEARCH_PATHS = "$(inherited) @executable_path/Frameworks @loader_path/Frameworks";
				PRODUCT_BUNDLE_IDENTIFIER = com.vetekconsulting.StopWatchAppTests;
				PRODUCT_NAME = "$(TARGET_NAME)";
				SWIFT_VERSION = 3.0;
				TEST_HOST = "$(BUILT_PRODUCTS_DIR)/StopWatchApp.app/StopWatchApp";
			};
			name = Release;
		};
		031A9FA41DC99472000AB6B9 /* Debug */ = {
			isa = XCBuildConfiguration;
			buildSettings = {
				ALWAYS_EMBED_SWIFT_STANDARD_LIBRARIES = YES;
				DEVELOPMENT_TEAM = BZY65TYX78;
				INFOPLIST_FILE = StopWatchAppUITests/Info.plist;
				LD_RUNPATH_SEARCH_PATHS = "$(inherited) @executable_path/Frameworks @loader_path/Frameworks";
				PRODUCT_BUNDLE_IDENTIFIER = com.vetekconsulting.StopWatchAppUITests;
				PRODUCT_NAME = "$(TARGET_NAME)";
				SWIFT_VERSION = 3.0;
				TEST_TARGET_NAME = StopWatchApp;
			};
			name = Debug;
		};
		031A9FA51DC99472000AB6B9 /* Release */ = {
			isa = XCBuildConfiguration;
			buildSettings = {
				ALWAYS_EMBED_SWIFT_STANDARD_LIBRARIES = YES;
				DEVELOPMENT_TEAM = BZY65TYX78;
				INFOPLIST_FILE = StopWatchAppUITests/Info.plist;
				LD_RUNPATH_SEARCH_PATHS = "$(inherited) @executable_path/Frameworks @loader_path/Frameworks";
				PRODUCT_BUNDLE_IDENTIFIER = com.vetekconsulting.StopWatchAppUITests;
				PRODUCT_NAME = "$(TARGET_NAME)";
				SWIFT_VERSION = 3.0;
				TEST_TARGET_NAME = StopWatchApp;
			};
			name = Release;
		};
/* End XCBuildConfiguration section */

/* Begin XCConfigurationList section */
		031A9F701DC99472000AB6B9 /* Build configuration list for PBXProject "StopWatchApp" */ = {
			isa = XCConfigurationList;
			buildConfigurations = (
				031A9F9B1DC99472000AB6B9 /* Debug */,
				031A9F9C1DC99472000AB6B9 /* Release */,
			);
			defaultConfigurationIsVisible = 0;
			defaultConfigurationName = Release;
		};
		031A9F9D1DC99472000AB6B9 /* Build configuration list for PBXNativeTarget "StopWatchApp" */ = {
			isa = XCConfigurationList;
			buildConfigurations = (
				031A9F9E1DC99472000AB6B9 /* Debug */,
				031A9F9F1DC99472000AB6B9 /* Release */,
			);
			defaultConfigurationIsVisible = 0;
			defaultConfigurationName = Release;
		};
		031A9FA01DC99472000AB6B9 /* Build configuration list for PBXNativeTarget "StopWatchAppTests" */ = {
			isa = XCConfigurationList;
			buildConfigurations = (
				031A9FA11DC99472000AB6B9 /* Debug */,
				031A9FA21DC99472000AB6B9 /* Release */,
			);
			defaultConfigurationIsVisible = 0;
			defaultConfigurationName = Release;
		};
		031A9FA31DC99472000AB6B9 /* Build configuration list for PBXNativeTarget "StopWatchAppUITests" */ = {
			isa = XCConfigurationList;
			buildConfigurations = (
				031A9FA41DC99472000AB6B9 /* Debug */,
				031A9FA51DC99472000AB6B9 /* Release */,
			);
			defaultConfigurationIsVisible = 0;
			defaultConfigurationName = Release;
		};
/* End XCConfigurationList section */
	};
	rootObject = 031A9F6D1DC99472000AB6B9 /* Project object */;
}
